# This file was autogenerated by Stack.
# You should not edit this file by hand.
# For more information, please see the documentation at:
#   https://docs.haskellstack.org/en/stable/lock_files

packages:
- completed:
    hackage: network-2.6.3.6@sha256:1ca79d81af02d7acd6032d5e6c9bde4618a8fdcfbe19bd42b49d420183975df0,2666
    pantry-tree:
      size: 2254
      sha256: 56285baa11d679521837e1f41311a1aeafa522e7637d408d3decd99c083edba1
  original:
    hackage: network-2.6.3.6@sha256:1ca79d81af02d7acd6032d5e6c9bde4618a8fdcfbe19bd42b49d420183975df0,2666
- completed:
    hackage: envparse-0.4.1@sha256:989902e6368532548f61de1fa245ad2b39176cddd8743b20071af519a709ce30,2842
    pantry-tree:
      size: 1180
      sha256: 35044d67979fe2a5cff05cf8736a06a265592433cdd03e13a72908ceed892612
  original:
    hackage: envparse-0.4.1@sha256:989902e6368532548f61de1fa245ad2b39176cddd8743b20071af519a709ce30,2842
- completed:
    hackage: brick-0.62@sha256:363238020d598abb08182b8a0a910f48d1517955611f416bb6bb8645c7e80ee8,16531
    pantry-tree:
      size: 6254
      sha256: 941eb2a7e446f8083247cfe21458222dee521dbc608f746a0f496fedfd6953e8
  original:
    hackage: brick-0.62
- completed:
    hackage: vty-5.33@sha256:8da1652d64e24c9e011384628de340b2877f0148de7ef57baf66cd2e9a35c6c6,22294
    pantry-tree:
      size: 5393
      sha256: f83f9245266d28f8521227cf551d6498a4ad7b22f1ac98c5992c287e6fc06d08
  original:
    hackage: vty-5.33@sha256:8da1652d64e24c9e011384628de340b2877f0148de7ef57baf66cd2e9a35c6c6,22294
- completed:
    hackage: ansi-terminal-0.10.3@sha256:e2fbcef5f980dc234c7ad8e2fa433b0e8109132c9e643bc40ea5608cd5697797,3226
    pantry-tree:
      size: 1461
      sha256: 02f05d52be3ffcf36c78876629cbab80b63420672685371aea4fd10e1c4aabb6
  original:
    hackage: ansi-terminal-0.10.3@sha256:e2fbcef5f980dc234c7ad8e2fa433b0e8109132c9e643bc40ea5608cd5697797,3226
- completed:
    name: haskell-coinbase-pro
    version: 0.4.0.0
    git: https://github.com/tkachuk-labs/haskell-coinbase-pro.git
    pantry-tree:
      size: 1439
      sha256: fa10f1669b595b68d387d7c807216307b115dd5258272ad726f72ce009b4e10e
    commit: 642a8282ac9f378a6dc0e88535bb50c44bcae091
  original:
    git: https://github.com/tkachuk-labs/haskell-coinbase-pro.git
    commit: 642a8282ac9f378a6dc0e88535bb50c44bcae091
- completed:
    name: haskii
    version: 0.1.0.0
    git: https://github.com/tkachuk-labs/haskii.git
    pantry-tree:
      size: 42362
      sha256: 188e1c72d0cb46b90ae054f7d7e8abf9ad81f6681aa31698d97cd58fd6f01ade
    commit: 63c47ae8f4977cf5227150c5a8eb1f409f93fe22
  original:
    git: https://github.com/tkachuk-labs/haskii.git
    commit: 63c47ae8f4977cf5227150c5a8eb1f409f93fe22
- completed:
    hackage: hspec-wai-0.10.1@sha256:56dd9ec1d56f47ef1946f71f7cbf070e4c285f718cac1b158400ae5e7172ef47,2290
    pantry-tree:
      size: 809
      sha256: 17af1c2e709cd84bfda066b9ebb04cdde7f92660c51a1f7401a1e9f766524e93
  original:
    hackage: hspec-wai-0.10.1@sha256:56dd9ec1d56f47ef1946f71f7cbf070e4c285f718cac1b158400ae5e7172ef47,2290
- completed:
    hackage: hspec-wai-json-0.10.1@sha256:67b405c38f0a9e2771480c8d3ecd8aeb8d8776a35d3b2906cb1b76c9538617e4,1629
    pantry-tree:
      size: 349
      sha256: fb9e89b79cde3276baa484c860c6b9eeebdbc1a5c43301293351a25bc4c08e87
  original:
    hackage: hspec-wai-json-0.10.1@sha256:67b405c38f0a9e2771480c8d3ecd8aeb8d8776a35d3b2906cb1b76c9538617e4,1629
- completed:
    hackage: cryptostore-0.2.1.0@sha256:9896e2984f36a1c8790f057fd5ce3da4cbcaf8aa73eb2d9277916886978c5b19,3881
    pantry-tree:
      size: 8596
      sha256: e392f8dded050690140636b81433fb350bd87dd21643dde9a2f0aa344cf038e5
  original:
    hackage: cryptostore-0.2.1.0@sha256:9896e2984f36a1c8790f057fd5ce3da4cbcaf8aa73eb2d9277916886978c5b19,3881
- completed:
    hackage: cryptonite-0.26@sha256:43c722f3770c31f4c5376e7aa42645b104834103312e217aa7fe79316416d6df,17352
    pantry-tree:
      size: 22455
      sha256: cbec4c7bd57508339510f18df64827dbd65eb7ede00db07a463a36aecdda077c
  original:
    hackage: cryptonite-0.26@sha256:43c722f3770c31f4c5376e7aa42645b104834103312e217aa7fe79316416d6df,17352
- completed:
    hackage: type-iso-1.0.1.0@sha256:75682a06a5af1798c6641ba3cc175685a1f699962ad22ab194a487c0d6b7da66,1892
    pantry-tree:
      size: 339
      sha256: bbb0c4d271769eddfce41bdaa56c51e14c79ba4c3149b1e39a06b27eb73603b9
  original:
    hackage: type-iso-1.0.1.0@sha256:75682a06a5af1798c6641ba3cc175685a1f699962ad22ab194a487c0d6b7da66,1892
- completed:
    hackage: numericpeano-0.2.0.0@sha256:e3a1dc960817a81f39d276e7bfa0124e8efa1b91b5c272a70dfa16c38627f172,1406
    pantry-tree:
      size: 266
      sha256: 697cac9f0d18b97fd8f7217cf62bce0d6a040236ca0ecc88f1533d0999e900ff
  original:
    hackage: numericpeano-0.2.0.0@sha256:e3a1dc960817a81f39d276e7bfa0124e8efa1b91b5c272a70dfa16c38627f172,1406
- completed:
    hackage: network-bitcoin-1.9.1@sha256:f950326eef853c8ce5a15a2fc65ed0291669b60b3138538629469fbeaf447d96,2420
    pantry-tree:
      size: 851
      sha256: 9e1136ae25b7bec92afb03dae5833946bf0596518a8c92a65c09eef7f5c4c2ac
  original:
    hackage: network-bitcoin-1.9.1@sha256:f950326eef853c8ce5a15a2fc65ed0291669b60b3138538629469fbeaf447d96,2420
- completed:
    hackage: swagger2-2.3.1.1@sha256:d37f1ab99b66a68d873c44bfaa30a763d52eed72df9e82805b99be9d9b8ad2bc,4433
    pantry-tree:
      size: 2192
      sha256: 5bdf70366b9de698cad87da06c95096b61a1d40c913625525e386694b04f865d
  original:
    hackage: swagger2-2.3.1.1
- completed:
    hackage: wai-middleware-static-embedded-0.1.0.0@sha256:036b7823a5e69452d1fe1e270ef3d4988063caa5bb00b6dfc356e1c21b7433e3,1581
    pantry-tree:
      size: 362
      sha256: 5afb46b75662f1e605d4e00e45f24949e081c7eca5c20f9852555353db549584
  original:
    hackage: wai-middleware-static-embedded-0.1.0.0@sha256:036b7823a5e69452d1fe1e270ef3d4988063caa5bb00b6dfc356e1c21b7433e3,1581
- completed:
    subdir: core
    name: grpc-haskell-core
    version: 0.0.0.0
    git: https://github.com/tkachuk-labs/gRPC-haskell.git
    pantry-tree:
      size: 2543
      sha256: f3068aefface90c7cc81139a6c5482f363b07087c254631225c573fee512035c
    commit: 8eaee520cd1a2ae909d2ef7ce16ce3a17be4418a
  original:
    subdir: core
    git: https://github.com/tkachuk-labs/gRPC-haskell.git
    commit: 8eaee520cd1a2ae909d2ef7ce16ce3a17be4418a
- completed:
    name: grpc-haskell
    version: 0.0.1.0
    git: https://github.com/tkachuk-labs/gRPC-haskell.git
    pantry-tree:
      size: 7299
      sha256: 54faf14001920d7fe0f4fd8dd3fb237db845f0ca8de8b2df5c00191902f2bbcf
    commit: 8eaee520cd1a2ae909d2ef7ce16ce3a17be4418a
  original:
    git: https://github.com/tkachuk-labs/gRPC-haskell.git
    commit: 8eaee520cd1a2ae909d2ef7ce16ce3a17be4418a
- completed:
    name: proto3-suite
    version: 0.4.0.0
    git: https://github.com/tkachuk-labs/proto3-suite.git
    pantry-tree:
      size: 4322
      sha256: 1dcf464f7680838666becb0956fc3abd8647bbf7f3a1bb5ce62b9b7ea2577b47
    commit: ca03aa9d846d88b0762e40f9588b4927de22f798
  original:
    git: https://github.com/tkachuk-labs/proto3-suite.git
    commit: ca03aa9d846d88b0762e40f9588b4927de22f798
- completed:
    name: proto3-wire
    version: 1.1.0
    git: https://github.com/tkachuk-labs/proto3-wire.git
    pantry-tree:
      size: 978
      sha256: d3a5d569e005d87e4eb343b150a1c4cbc455cc9833e7713efb937d66b6679b87
    commit: 23015cf6363d1962fde6bdff0de111f7ec59ab75
  original:
    git: https://github.com/tkachuk-labs/proto3-wire.git
    commit: 23015cf6363d1962fde6bdff0de111f7ec59ab75
snapshots:
- completed:
    size: 524996
    url: https://raw.githubusercontent.com/commercialhaskell/stackage-snapshots/master/lts/14/27.yaml
    sha256: 7ea31a280c56bf36ff591a7397cc384d0dff622e7f9e4225b47d8980f019a0f0
  original: lts-14.27
